PODS:
  - AVOSCloud (7.2.0)
  - AVOSCloudIM (7.2.0):
    - AVOSCloud (= 7.2.0)
    - AVOSCloudIM/_ARC (= 7.2.0)
    - ProtocolBuffers
  - AVOSCloudIM/_ARC (7.2.0):
    - AVOSCloud (= 7.2.0)
    - ProtocolBuffers
  - ProtocolBuffers (1.9.11)

DEPENDENCIES:
  - AVOSCloud (from `/Users/gaozhenwei/Documents/网易/NewAdd/objc-sdk/AVOSCloud.podspec`)
  - AVOSCloudIM (from `/Users/gaozhenwei/Documents/网易/NewAdd/objc-sdk/AVOSCloudIM.podspec`)

EXTERNAL SOURCES:
  AVOSCloud:
    :path: /Users/gaozhenwei/Documents/网易/NewAdd/objc-sdk/AVOSCloud.podspec
  AVOSCloudIM:
    :path: /Users/gaozhenwei/Documents/网易/NewAdd/objc-sdk/AVOSCloudIM.podspec

SPEC CHECKSUMS:
  AVOSCloud: 9f09a2a734fe980685866feded7f6129141e9336
  AVOSCloudIM: 9faf73b673a92a7bb6282d0dc07246feef8c9be2
  ProtocolBuffers: d509225eb2ea43d9582a59e94348fcf86e2abd65

PODFILE CHECKSUM: a149117a7b6d5ae21931bcb9b7e905e2b61af128

COCOAPODS: 1.3.1
